
Microsoft Visual Studio Solution File, Format Version 12.00
# Visual Studio Version 16
VisualStudioVersion = 16.0.31129.286
MinimumVisualStudioVersion = 10.0.40219.1
Project("{FAE04EC0-301F-11D3-BF4B-00C04F79EFBC}") = "Json0617", "Json0617\Json0617.csproj", "{1FB5C6F0-1BB0-4A4B-BC09-8A05E5AACCE7}"
EndProject
Global
	GlobalSection(SolutionConfigurationPlatforms) = preSolution
		Debug|Any CPU = Debug|Any CPU
		Release|Any CPU = Release|Any CPU
	EndGlobalSection
	GlobalSection(ProjectConfigurationPlatforms) = postSolution
		{1FB5C6F0-1BB0-4A4B-BC09-8A05E5AACCE7}.Debug|Any CPU.ActiveCfg = Debug|Any CPU
		{1FB5C6F0-1BB0-4A4B-BC09-8A05E5AACCE7}.Debug|Any CPU.Build.0 = Debug|Any CPU
		{1FB5C6F0-1BB0-4A4B-BC09-8A05E5AACCE7}.Release|Any CPU.ActiveCfg = Release|Any CPU
		{1FB5C6F0-1BB0-4A4B-BC09-8A05E5AACCE7}.Release|Any CPU.Build.0 = Release|Any CPU
	EndGlobalSection
	GlobalSection(SolutionProperties) = preSolution
		HideSolutionNode = FALSE
	EndGlobalSection
	GlobalSection(ExtensibilityGlobals) = postSolution
		SolutionGuid = {4F801E21-E1E9-4A60-AE2A-96EA1D33DCBD}
	EndGlobalSection
EndGlobal
