
Microsoft Visual Studio Solution File, Format Version 12.00
# Visual Studio Version 16
VisualStudioVersion = 16.0.31129.286
MinimumVisualStudioVersion = 10.0.40219.1
Project("{FAE04EC0-301F-11D3-BF4B-00C04F79EFBC}") = "ReadWriteJson0616", "ReadWriteJson0616\ReadWriteJson0616.csproj", "{150D7B54-D29A-409D-BAD4-17FA92E66D3A}"
EndProject
Global
	GlobalSection(SolutionConfigurationPlatforms) = preSolution
		Debug|Any CPU = Debug|Any CPU
		Release|Any CPU = Release|Any CPU
	EndGlobalSection
	GlobalSection(ProjectConfigurationPlatforms) = postSolution
		{150D7B54-D29A-409D-BAD4-17FA92E66D3A}.Debug|Any CPU.ActiveCfg = Debug|Any CPU
		{150D7B54-D29A-409D-BAD4-17FA92E66D3A}.Debug|Any CPU.Build.0 = Debug|Any CPU
		{150D7B54-D29A-409D-BAD4-17FA92E66D3A}.Release|Any CPU.ActiveCfg = Release|Any CPU
		{150D7B54-D29A-409D-BAD4-17FA92E66D3A}.Release|Any CPU.Build.0 = Release|Any CPU
	EndGlobalSection
	GlobalSection(SolutionProperties) = preSolution
		HideSolutionNode = FALSE
	EndGlobalSection
	GlobalSection(ExtensibilityGlobals) = postSolution
		SolutionGuid = {A62B5565-1397-435A-9EDC-5D300F0A3A96}
	EndGlobalSection
EndGlobal
