
Microsoft Visual Studio Solution File, Format Version 12.00
# Visual Studio Version 16
VisualStudioVersion = 16.0.30804.86
MinimumVisualStudioVersion = 10.0.40219.1
Project("{FAE04EC0-301F-11D3-BF4B-00C04F79EFBC}") = "ClassTest1", "ClassTest1\ClassTest1.csproj", "{275EFBFC-316F-4AC3-930F-28B8A414C6C8}"
EndProject
Global
	GlobalSection(SolutionConfigurationPlatforms) = preSolution
		Debug|Any CPU = Debug|Any CPU
		Release|Any CPU = Release|Any CPU
	EndGlobalSection
	GlobalSection(ProjectConfigurationPlatforms) = postSolution
		{275EFBFC-316F-4AC3-930F-28B8A414C6C8}.Debug|Any CPU.ActiveCfg = Debug|Any CPU
		{275EFBFC-316F-4AC3-930F-28B8A414C6C8}.Debug|Any CPU.Build.0 = Debug|Any CPU
		{275EFBFC-316F-4AC3-930F-28B8A414C6C8}.Release|Any CPU.ActiveCfg = Release|Any CPU
		{275EFBFC-316F-4AC3-930F-28B8A414C6C8}.Release|Any CPU.Build.0 = Release|Any CPU
	EndGlobalSection
	GlobalSection(SolutionProperties) = preSolution
		HideSolutionNode = FALSE
	EndGlobalSection
	GlobalSection(ExtensibilityGlobals) = postSolution
		SolutionGuid = {78C340F6-9EEA-48D7-985E-ECF5D9C924C3}
	EndGlobalSection
EndGlobal
